github.com/bytedance/sonic v1.14.0 h1:8iCjBYcBRugOKV5F9bV7pXmuZC1NmnprrkMBLFnLFZ8=
github.com/bytedance/sonic v1.14.0/go.mod h1:oiXWvoMqvMqESQ0MlDf15yGR1Ph2DDsVaRRDRXtlz4M=
github.com/bytedance/sonic/loader v0.3.0 h1:dsOfSndncWClqVlPKxhL4kooHJmYX9pMx5rZVXtSM28=
github.com/bytedance/sonic/loader v0.3.0/go.mod h1:N8A3vUdtUebEY2/VQC0MyhYeKUFosQU6FxH2JmUe6VI=
github.com/cloudwego/base64x v0.1.6 h1:tD4Fs15GsXcblmio8UV1YYNuCxu5GnEJJfG+Bzk4O5o=
github.com/cloudwego/base64x v0.1.6/go.mod h1:5ZMLoIHLIVp1JFS6xm41W+x0I/GGyrcwPOzqsqRSzgQ=
github.com/davecgh/go-spew v1.1.0/go.mod h1:J7Y8YcW2NihsgmVo/mv3lAwl/skON4iLHjSsI+c5H38=
github.com/davecgh/go-spew v1.1.1 h1:vj9j/u1bqnvCEfJOwUhtlOARqs3+rkHYY13jYWTU97c=
github.com/davecgh/go-spew v1.1.1/go.mod h1:J7Y8YcW2NihsgmVo/mv3lAwl/skON4iLHjSsI+c5H38=
github.com/gabriel-vasile/mimetype v1.4.8 h1:FfZ0gjr1/THR3Hrya/hB9kBCuaPTjDvGb5Kv2h5u2yc=
github.com/gabriel-vasile/mimetype v1.4.8/go.mod h1:ByKUIKGjh1ODkGM1asXUolbCe6t1Oe9DkKB7MJ+R8VE=
github.com/gin-contrib/sse v1.1.0 h1:n0eDDYKKh4wQX1h8xdV2kVkXvqKAuBkM7f3zDkJoKY8=
github.com/gin-contrib/sse v1.1.0/go.mod h1:1A1Go1GiLekfM6rgxPDjOGcqQkBnL/MzGwD0yAoKjZM=
github.com/gin-gonic/gin v1.11.0 h1:O1A8w9pCC8vCWyGQgSg4hpXj3TdIUqyHwo9h0QCTnGw=
github.com/gin-gonic/gin v1.11.0/go.mod h1:b+ZaLVaD8+3lGqIQ5UDlZ3R0TtgLX5U/jkwHYD2EJdQ=
github.com/go-playground/locales v0.14.1 h1:EWaQ/wswjilfKLTECiXz7Rh+3BjFhfDFKv/oXslEjJA=
github.com/go-playground/locales v0.14.1/go.mod h1:hxrqLVvrK65+Rwrd5Fc6F2O76J/NuW9t0sjnWqG1slY=
github.com/go-playground/universal-translator v0.18.1 h1:Bcnm0ZwsGyWbCzImXv+pAJnYK9S473LQFuzCbDbfSFY=
github.com/go-playground/universal-translator v0.18.1/go.mod h1:xekY+UJKNuX9WP91TpwSH2VMlDf28Uj24BCp08ZFTUY=
github.com/go-playground/validator/v10 v10.26.0 h1:dtFnfApY6+kUfJdUbO6VVb19Vxhxv+phN3hTtoRvlnQ=
github.com/go-playground/validator/v10 v10.26.0/go.mod h1:I5QpIEbmr8On7W0TktmJAumgzXNjCA1+0v8OoCDUXuo=
github.com/goccy/go-json v0.10.5 h1:Fq85nIqj+gXn/S5ahsiTlK3TmC85qgirsdTP/+DeaC4=
github.com/goccy/go-json v0.10.5/go.mod h1:oq7eo15ShAhp70Anwd5lgX2pLfOS3QCiwU/ULxsYs0M=
github.com/google/uuid v1.6.0 h1:NIvaJDMOsjHA8n1jAhLSgzrAzy1Hgr+hNrb57e+94F0=
github.com/google/uuid v1.6.0/go.mod h1:TIyPZe4MgqvfeYDBFedMoGGpEw/LqOeaOT+nhxU+yHo=
github.com/jackc/pgpassfile v1.0.0 h1:/6Hmqy13Ss2zCq62VdNG8tM1wchn8zjSGOBJ6icpsIM=
github.com/jackc/pgpassfile v1.0.0/go.mod h1:CEx0iS5ambNFdcRtxPj5JhEz+xB6uRky5eyVu/W2HEg=
github.com/jackc/pgservicefile v0.0.0-20240606120523-5a60cdf6a761 h1:iCEnooe7UlwOQYpKFhBabPMi4aNAfoODPEFNiAnClxo=
github.com/jackc/pgservicefile v0.0.0-20240606120523-5a60cdf6a761/go.mod h1:5TJZWKEWniPve33vlWYSoGYefn3gLQRzjfDlhSJ9ZKM=
github.com/jackc/pgx/v5 v5.9.2 h1:3ZhOzMWnR4yJ+RW1XImIPsD1aNSz4T4fyP7zlQb56hw=
github.com/jackc/pgx/v5 v5.9.2/go.mod h1:mal1tBGAFfLHvZzaYh77YS/eC6IX9OWbRV1QIIM0Jn4=
github.com/jackc/puddle/v2 v2.2.2 h1:PR8nw+E/1w0GLuRFSmiioY6UooMp6KJv0/61nB7icHo=
github.com/jackc/puddle/v2 v2.2.2/go.mod h1:vriiEXHvEE654aYKXXjOvZM39qJ0q+azkZFrfEOc3H4=
github.com/json-iterator/go v1.1.12 h1:PV8peI4a0ysnczrg+LtxykD8LfKY9ML6u2jnxaEnrnM=
github.com/json-iterator/go v1.1.12/go.mod h1:e30LSqwooZae/UwlEbR2852Gd8hjQvJoHmT4TnhNGBo=
github.com/klauspost/cpuid/v2 v2.3.0 h1:S4CR6nolMJjQ01o7T83gR+9APnJPKwQjtZ8l+Y0t56U=
github.com/klauspost/cpuid/v2 v2.3.0/go.mod h1:P4m6tKtOsFrRl8HZLBSt6Pv6ivt2Ru7Ux1KD8a0ZV4Y=
github.com/leodido/go-urn v1.4.0 h1:WT9HwE9SGECu3lg4d/dIA+jxlljEa1/ffXKmRjqdmIQ=
github.com/leodido/go-urn v1.4.0/go.mod h1:bvxc+MVxLKB4z00jd1z+Dvzr47oO32F/QSNjSBOlFxI=
github.com/mattn/go-isatty v0.0.20 h1:xfD0iDuEKnDkl03q4limB+vH+GxLEtL/jb4xVJSWWEY=
github.com/mattn/go-isatty v0.0.20/go.mod h1:W+V8PltTTMOvKvAeJH7IuucS94S2C6jfK/D7dTCTo3Y=
github.com/modern-go/concurrent v0.0.0-20180306012644-bacd9c7ef1dd h1:TRLaZ9cD/w8PVh93nsPXa1VrQ6jlwL5oN8l14QlcNfg=
github.com/modern-go/concurrent v0.0.0-20180306012644-bacd9c7ef1dd/go.mod h1:6dJC0mAP4ikYIbvyc7fijjWJddQyLn8Ig3JB5CqoB9Q=
github.com/modern-go/reflect2 v1.0.2 h1:xBagoLtFs94CBntxluKeaWgTMpvLxC4ur3nMaC9Gz0M=
github.com/modern-go/reflect2 v1.0.2/go.mod h1:yWuevngMOJpCy52FWWMvUC8ws7m/LJsjYzDa0/r8luk=
github.com/pelletier/go-toml/v2 v2.2.4 h1:mye9XuhQ6gvn5h28+VilKrrPoQVanw5PMw/Td0E5Xnc=
github.com/pelletier/go-toml/v2 v2.2.4/go.mod h1:2gIqNv+qfxSVS7cM2xJQKtLSTLUE9V8t9St56+hOF1Q=
github.com/pmezard/go-difflib v1.0.0 h1:4DBwDE0NGyQoBHbLQYPwSUPoCMWR5BEzIk/f1lZbAQM=
github.com/pmezard/go-difflib v1.0.0/go.mod h1:iKH77koFhYxTK1pcRnkKkqfTogsbg7gZNVY4sRDYZ/4=
github.com/stretchr/objx v0.1.0/go.mod h1:HFkY916IF+rwdDfMAkV7OtwuqBVzrE8GR6GFx+wExME=
github.com/stretchr/testify v1.3.0/go.mod h1:M5WIy9Dh21IEIfnGCwXGc5bZfKNJtfHm1UVUgZn+9EI=
github.com/stretchr/testify v1.7.0/go.mod h1:6Fq8oRcR53rry900zMqJjRRixrwX3KX962/h/Wwjteg=
github.com/stretchr/testify v1.8.0/go.mod h1:yNjJg4BOnCk4aNTjwmSfzx7qAaNDVQZ0K3GYyS+7YD4=
github.com/stretchr/testify v1.11.0 h1:TTyQQV1xd5OvBgpITtM4Nd1jBCkvDnhL+w8Y5nB6F7M=
github.com/stretchr/testify v1.11.0/go.mod h1:wFyUnX4YAaqcDwtydgNC0OYQGI88dSz/t/dvCScZ0+U=
github.com/twitchyliquid64/golang-asm v0.15.1 h1:SU5vSMR7hnwNxj24w34ZyCi/FmDZTkS4MhqMhdFk5YI=
github.com/twitchyliquid64/golang-asm v0.15.1/go.mod h1:a1lVb/DtPvCB8fslRZhAngC2+aY89QHJkJ21b9GyYyo=
github.com/ugorji/go/codec v1.3.0 h1:QdS2xSBD3K+CzHAJvLzGmoqLJWx5FfcSz13Ml74EGHc=
github.com/ugorji/go/codec v1.3.0/go.mod h1:pVaz4Y8x9jPWGuAGAPcEHzIhwiu8kHNTLb2Fey+RC4s=
golang.org/x/arch v0.18.0 h1:Qt2NiRznGojc7CAoO83Hbc81m1G26OTUhv3ulkbQSR0=
golang.org/x/arch v0.18.0/go.mod h1:e9M18f3LdXbAvf7yp1y6ZhyfBZ0NH2ODx9nS0FybT4s=
golang.org/x/crypto v0.55.0 h1:5yXV6YdvNgtYcaRNTZ+0RkZCxvPm7VEBX2KMIvKouco=
golang.org/x/crypto v0.55.0/go.mod h1:xD+DGx4SKGGNqpNsPkfSicQeRSv5PdV4TnmN9JiSBoM=
golang.org/x/net v0.53.0 h1:OXnQSpUxWB9Io9q7B/45jQN8l9Vj6i3v+/Wj9KtYLBw=
golang.org/x/net v0.53.0/go.mod h1:LmmtTGU22+tU8E9uaw6cQmzAUFTG8gWz/h8l9PPsn3Q=
golang.org/x/sync v0.22.0 h1:SZjpbeLmrCk4xhRSZFNZW5gFUeCeFgjekvI/+gfScek=
golang.org/x/sync v0.22.0/go.mod h1:hh/Fk2E7a58HzLi9hfOZbaY3jrHkwjibUX72XT/HWPc=
golang.org/x/sys v0.45.0 h1:xPJ0O5U4I4G6v1Wr2qeQcRWEnsKPuHLvTtjg/Y42uE8=
golang.org/x/sys v0.45.0/go.mod h1:wLksIe9P9b59QvlWS9dsoCTr8FO4nzQeqt7g/I5V4vU=
golang.org/x/text v0.41.0 h1:aNl8j3vkxPI0vRHN7Fc8baVmCxdwnNlqYzC+ib+DOww=
golang.org/x/text v0.41.0/go.mod h1:2BBbsmXORfvGN+1qUcIBN/IE4VQ1ppQIfrNqVwk6JGA=
google.golang.org/protobuf v1.36.11 h1:nCrw9XjFP/buNouTmMCWAA9s+Tk1j/vL2TUGk7UDyPI=
google.golang.org/protobuf v1.36.11/go.mod h1:HTD5+G0Fp3lvLnQDUdvXGYigfVLX2PAyfp59IX2GTi0=
gopkg.in/check.v1 v0.0.0-20161208181325-20d25e280405/go.mod h1:Co6ibVJAznAaIkqp8huTwlJQCZ016jof/cbN4VW5Yz0=
gopkg.in/yaml.v3 v3.0.1 h1:fxVm/GzAzEWqLHuvctI91KS9hhNmmWOoWu0XTYJS7CA=
gopkg.in/yaml.v3 v3.0.1/go.mod h1:K4uyk7z7BCEPqu6E+C64Yfv1cQ7kz7rIZviUmN+EgEM=
